
Microsoft Visual Studio Solution File, Format Version 12.00
# Visual Studio Version 17
VisualStudioVersion = 17.8.34601.278
MinimumVisualStudioVersion = 10.0.40219.1
Project("{FAE04EC0-301F-11D3-BF4B-00C04F79EFBC}") = "AmazonWoods23", "AmazonWoods23.csproj", "{FA3223D9-717E-423C-B198-20CE754BDF15}"
EndProject
Global
	GlobalSection(SolutionConfigurationPlatforms) = preSolution
		Debug|Any CPU = Debug|Any CPU
		Release|Any CPU = Release|Any CPU
	EndGlobalSection
	GlobalSection(ProjectConfigurationPlatforms) = postSolution
		{FA3223D9-717E-423C-B198-20CE754BDF15}.Debug|Any CPU.ActiveCfg = Debug|Any CPU
		{FA3223D9-717E-423C-B198-20CE754BDF15}.Debug|Any CPU.Build.0 = Debug|Any CPU
		{FA3223D9-717E-423C-B198-20CE754BDF15}.Release|Any CPU.ActiveCfg = Release|Any CPU
		{FA3223D9-717E-423C-B198-20CE754BDF15}.Release|Any CPU.Build.0 = Release|Any CPU
	EndGlobalSection
	GlobalSection(SolutionProperties) = preSolution
		HideSolutionNode = FALSE
	EndGlobalSection
	GlobalSection(ExtensibilityGlobals) = postSolution
		SolutionGuid = {C5BDD93D-E7C6-4234-AEBA-EE1F2E7DCC9A}
	EndGlobalSection
EndGlobal
